// !$*UTF8*$!
{
	archiveVersion = 1;
	classes = {
	};
	objectVersion = 46;
	objects = {

/* Begin PBXBuildFile section */
		1080525F1B0FA55A00C834F8 /* DiasSemana.swift in Sources */ = {isa = PBXBuildFile; fileRef = 1080525E1B0FA55A00C834F8 /* DiasSemana.swift */; };
		108052611B0FADE200C834F8 /* DiaSemanaManager.swift in Sources */ = {isa = PBXBuildFile; fileRef = 108052601B0FADE200C834F8 /* DiaSemanaManager.swift */; };
		10C5773E1B0507A500081B96 /* AppDelegate.swift in Sources */ = {isa = PBXBuildFile; fileRef = 10C5773D1B0507A500081B96 /* AppDelegate.swift */; };
		10C577411B0507A500081B96 /* MC03.xcdatamodeld in Sources */ = {isa = PBXBuildFile; fileRef = 10C5773F1B0507A500081B96 /* MC03.xcdatamodeld */; };
		10C577461B0507A500081B96 /* Main.storyboard in Resources */ = {isa = PBXBuildFile; fileRef = 10C577441B0507A500081B96 /* Main.storyboard */; };
		10C577481B0507A500081B96 /* Images.xcassets in Resources */ = {isa = PBXBuildFile; fileRef = 10C577471B0507A500081B96 /* Images.xcassets */; };
		10C5774B1B0507A500081B96 /* LaunchScreen.xib in Resources */ = {isa = PBXBuildFile; fileRef = 10C577491B0507A500081B96 /* LaunchScreen.xib */; };
		10C577571B0507A500081B96 /* MC03Tests.swift in Sources */ = {isa = PBXBuildFile; fileRef = 10C577561B0507A500081B96 /* MC03Tests.swift */; };
		10CDCA7F1B0531C4009AC45A /* DesignableView.swift in Sources */ = {isa = PBXBuildFile; fileRef = 10CDCA7E1B0531C4009AC45A /* DesignableView.swift */; };
		174DDE011B13968D006EEA7A /* SelecionarMateriaNotaTBVCTableViewController.swift in Sources */ = {isa = PBXBuildFile; fileRef = 174DDE001B13968D006EEA7A /* SelecionarMateriaNotaTBVCTableViewController.swift */; };
		176A35B11B0E50B100C0D952 /* VerMateriaTableTableViewController.swift in Sources */ = {isa = PBXBuildFile; fileRef = 176A35B01B0E50B100C0D952 /* VerMateriaTableTableViewController.swift */; };
		177131721B0A75B0006D31D0 /* Materia.swift in Sources */ = {isa = PBXBuildFile; fileRef = 177131711B0A75B0006D31D0 /* Materia.swift */; };
		177131741B0A75B0006D31D0 /* Nota.swift in Sources */ = {isa = PBXBuildFile; fileRef = 177131731B0A75B0006D31D0 /* Nota.swift */; };
		177131791B0A7706006D31D0 /* MateriaTableViewCell.swift in Sources */ = {isa = PBXBuildFile; fileRef = 177131781B0A7706006D31D0 /* MateriaTableViewCell.swift */; };
		177EC7471B0A601000FC36E2 /* AdicionarMateriaTableViewController.swift in Sources */ = {isa = PBXBuildFile; fileRef = 177EC73F1B0A601000FC36E2 /* AdicionarMateriaTableViewController.swift */; };
		177EC7491B0A601000FC36E2 /* DiasDaSemanaViewController.swift in Sources */ = {isa = PBXBuildFile; fileRef = 177EC7411B0A601000FC36E2 /* DiasDaSemanaViewController.swift */; };
		177EC74A1B0A601000FC36E2 /* MateriasViewController.swift in Sources */ = {isa = PBXBuildFile; fileRef = 177EC7421B0A601000FC36E2 /* MateriasViewController.swift */; };
		177EC74B1B0A601000FC36E2 /* NotasViewController.swift in Sources */ = {isa = PBXBuildFile; fileRef = 177EC7431B0A601000FC36E2 /* NotasViewController.swift */; };
		177EC74C1B0A601000FC36E2 /* PrincipalViewController.swift in Sources */ = {isa = PBXBuildFile; fileRef = 177EC7441B0A601000FC36E2 /* PrincipalViewController.swift */; };
		177EC74D1B0A601000FC36E2 /* SelecionarMateriaViewController.swift in Sources */ = {isa = PBXBuildFile; fileRef = 177EC7451B0A601000FC36E2 /* SelecionarMateriaViewController.swift */; };
		177EC74E1B0A601000FC36E2 /* TarefasViewController.swift in Sources */ = {isa = PBXBuildFile; fileRef = 177EC7461B0A601000FC36E2 /* TarefasViewController.swift */; };
		177EC7501B0A608E00FC36E2 /* AdicionarTarefaTableViewController.swift in Sources */ = {isa = PBXBuildFile; fileRef = 177EC74F1B0A608E00FC36E2 /* AdicionarTarefaTableViewController.swift */; };
		177EC7521B0A61A500FC36E2 /* FaltasViewController.swift in Sources */ = {isa = PBXBuildFile; fileRef = 177EC7511B0A61A500FC36E2 /* FaltasViewController.swift */; };
		177EC7541B0A627B00FC36E2 /* PrincipalCell.swift in Sources */ = {isa = PBXBuildFile; fileRef = 177EC7531B0A627B00FC36E2 /* PrincipalCell.swift */; };
		177EC7561B0A62A100FC36E2 /* TarefasTableViewCell.swift in Sources */ = {isa = PBXBuildFile; fileRef = 177EC7551B0A62A100FC36E2 /* TarefasTableViewCell.swift */; };
		177EC7581B0A62D400FC36E2 /* NotasTableViewCell.swift in Sources */ = {isa = PBXBuildFile; fileRef = 177EC7571B0A62D400FC36E2 /* NotasTableViewCell.swift */; };
		177EC75A1B0A630000FC36E2 /* SelecionarMateriaTableViewCell.swift in Sources */ = {isa = PBXBuildFile; fileRef = 177EC7591B0A630000FC36E2 /* SelecionarMateriaTableViewCell.swift */; };
		177EC75C1B0A638000FC36E2 /* DiasDaSemanaTableViewCell.swift in Sources */ = {isa = PBXBuildFile; fileRef = 177EC75B1B0A638000FC36E2 /* DiasDaSemanaTableViewCell.swift */; };
		177EC75E1B0A643100FC36E2 /* FaltaTableViewCell.swift in Sources */ = {isa = PBXBuildFile; fileRef = 177EC75D1B0A643100FC36E2 /* FaltaTableViewCell.swift */; };
		17B38ABC1B0D0A19008B192E /* CoreDataPersistencia.swift in Sources */ = {isa = PBXBuildFile; fileRef = 17B38ABB1B0D0A19008B192E /* CoreDataPersistencia.swift */; };
		17B38ABE1B0D0D9B008B192E /* NotaManager.swift in Sources */ = {isa = PBXBuildFile; fileRef = 17B38ABD1B0D0D9B008B192E /* NotaManager.swift */; };
		17B38AC01B0D0DA6008B192E /* TarefaManager.swift in Sources */ = {isa = PBXBuildFile; fileRef = 17B38ABF1B0D0DA6008B192E /* TarefaManager.swift */; };
		17BA54C41B0F97E700FE0A87 /* Tarefa.swift in Sources */ = {isa = PBXBuildFile; fileRef = 17BA54C31B0F97E700FE0A87 /* Tarefa.swift */; };
		17BA54C81B0F9CA600FE0A87 /* AdicionarNotaTableViewCell.swift in Sources */ = {isa = PBXBuildFile; fileRef = 17BA54C71B0F9CA600FE0A87 /* AdicionarNotaTableViewCell.swift */; };
		17BA54CC1B0F9DB900FE0A87 /* AdicionarNotaViewController.swift in Sources */ = {isa = PBXBuildFile; fileRef = 17BA54CB1B0F9DB900FE0A87 /* AdicionarNotaViewController.swift */; };
		B23C2AB91B0FBD6A00B8C13D /* VerTarefaTableViewController.swift in Sources */ = {isa = PBXBuildFile; fileRef = B23C2AB81B0FBD6A00B8C13D /* VerTarefaTableViewController.swift */; };
		B23C2ABB1B138C8A00B8C13D /* SobreViewController.swift in Sources */ = {isa = PBXBuildFile; fileRef = B23C2ABA1B138C8A00B8C13D /* SobreViewController.swift */; };
		B2D483831B0BA2D90029DDFE /* MateriaManager.swift in Sources */ = {isa = PBXBuildFile; fileRef = B2D483821B0BA2D90029DDFE /* MateriaManager.swift */; };
/* End PBXBuildFile section */

/* Begin PBXContainerItemProxy section */
		10C577511B0507A500081B96 /* PBXContainerItemProxy */ = {
			isa = PBXContainerItemProxy;
			containerPortal = 10C577301B0507A500081B96 /* Project object */;
			proxyType = 1;
			remoteGlobalIDString = 10C577371B0507A500081B96;
			remoteInfo = MC03;
		};
/* End PBXContainerItemProxy section */

/* Begin PBXFileReference section */
		1080525E1B0FA55A00C834F8 /* DiasSemana.swift */ = {isa = PBXFileReference; fileEncoding = 4; lastKnownFileType = sourcecode.swift; path = DiasSemana.swift; sourceTree = "<group>"; };
		108052601B0FADE200C834F8 /* DiaSemanaManager.swift */ = {isa = PBXFileReference; fileEncoding = 4; lastKnownFileType = sourcecode.swift; path = DiaSemanaManager.swift; sourceTree = "<group>"; };
		10C577381B0507A500081B96 /* MC03.app */ = {isa = PBXFileReference; explicitFileType = wrapper.application; includeInIndex = 0; path = MC03.app; sourceTree = BUILT_PRODUCTS_DIR; };
		10C5773C1B0507A500081B96 /* Info.plist */ = {isa = PBXFileReference; lastKnownFileType = text.plist.xml; path = Info.plist; sourceTree = "<group>"; };
		10C5773D1B0507A500081B96 /* AppDelegate.swift */ = {isa = PBXFileReference; lastKnownFileType = sourcecode.swift; path = AppDelegate.swift; sourceTree = "<group>"; };
		10C577401B0507A500081B96 /* MC03.xcdatamodel */ = {isa = PBXFileReference; lastKnownFileType = wrapper.xcdatamodel; path = MC03.xcdatamodel; sourceTree = "<group>"; };
		10C577451B0507A500081B96 /* Base */ = {isa = PBXFileReference; lastKnownFileType = file.storyboard; name = Base; path = Base.lproj/Main.storyboard; sourceTree = "<group>"; };
		10C577471B0507A500081B96 /* Images.xcassets */ = {isa = PBXFileReference; lastKnownFileType = folder.assetcatalog; path = Images.xcassets; sourceTree = "<group>"; };
		10C5774A1B0507A500081B96 /* Base */ = {isa = PBXFileReference; lastKnownFileType = file.xib; name = Base; path = Base.lproj/LaunchScreen.xib; sourceTree = "<group>"; };
		10C577501B0507A500081B96 /* MC03Tests.xctest */ = {isa = PBXFileReference; explicitFileType = wrapper.cfbundle; includeInIndex = 0; path = MC03Tests.xctest; sourceTree = BUILT_PRODUCTS_DIR; };
		10C577551B0507A500081B96 /* Info.plist */ = {isa = PBXFileReference; lastKnownFileType = text.plist.xml; path = Info.plist; sourceTree = "<group>"; };
		10C577561B0507A500081B96 /* MC03Tests.swift */ = {isa = PBXFileReference; lastKnownFileType = sourcecode.swift; path = MC03Tests.swift; sourceTree = "<group>"; };
		10CDCA7E1B0531C4009AC45A /* DesignableView.swift */ = {isa = PBXFileReference; fileEncoding = 4; lastKnownFileType = sourcecode.swift; path = DesignableView.swift; sourceTree = "<group>"; };
		174DDE001B13968D006EEA7A /* SelecionarMateriaNotaTBVCTableViewController.swift */ = {isa = PBXFileReference; fileEncoding = 4; lastKnownFileType = sourcecode.swift; name = SelecionarMateriaNotaTBVCTableViewController.swift; path = MC03/SelecionarMateriaNotaTBVCTableViewController.swift; sourceTree = "<group>"; };
		176A35B01B0E50B100C0D952 /* VerMateriaTableTableViewController.swift */ = {isa = PBXFileReference; fileEncoding = 4; lastKnownFileType = sourcecode.swift; name = VerMateriaTableTableViewController.swift; path = MC03/VerMateriaTableTableViewController.swift; sourceTree = "<group>"; };
		177131711B0A75B0006D31D0 /* Materia.swift */ = {isa = PBXFileReference; fileEncoding = 4; lastKnownFileType = sourcecode.swift; path = Materia.swift; sourceTree = "<group>"; };
		177131731B0A75B0006D31D0 /* Nota.swift */ = {isa = PBXFileReference; fileEncoding = 4; lastKnownFileType = sourcecode.swift; path = Nota.swift; sourceTree = "<group>"; };
		177131781B0A7706006D31D0 /* MateriaTableViewCell.swift */ = {isa = PBXFileReference; fileEncoding = 4; lastKnownFileType = sourcecode.swift; path = MateriaTableViewCell.swift; sourceTree = "<group>"; };
		177EC73F1B0A601000FC36E2 /* AdicionarMateriaTableViewController.swift */ = {isa = PBXFileReference; fileEncoding = 4; lastKnownFileType = sourcecode.swift; name = AdicionarMateriaTableViewController.swift; path = MC03/AdicionarMateriaTableViewController.swift; sourceTree = "<group>"; };
		177EC7411B0A601000FC36E2 /* DiasDaSemanaViewController.swift */ = {isa = PBXFileReference; fileEncoding = 4; lastKnownFileType = sourcecode.swift; name = DiasDaSemanaViewController.swift; path = MC03/DiasDaSemanaViewController.swift; sourceTree = "<group>"; };
		177EC7421B0A601000FC36E2 /* MateriasViewController.swift */ = {isa = PBXFileReference; fileEncoding = 4; lastKnownFileType = sourcecode.swift; name = MateriasViewController.swift; path = MC03/MateriasViewController.swift; sourceTree = "<group>"; };
		177EC7431B0A601000FC36E2 /* NotasViewController.swift */ = {isa = PBXFileReference; fileEncoding = 4; lastKnownFileType = sourcecode.swift; name = NotasViewController.swift; path = MC03/NotasViewController.swift; sourceTree = "<group>"; };
		177EC7441B0A601000FC36E2 /* PrincipalViewController.swift */ = {isa = PBXFileReference; fileEncoding = 4; lastKnownFileType = sourcecode.swift; name = PrincipalViewController.swift; path = MC03/PrincipalViewController.swift; sourceTree = "<group>"; };
		177EC7451B0A601000FC36E2 /* SelecionarMateriaViewController.swift */ = {isa = PBXFileReference; fileEncoding = 4; lastKnownFileType = sourcecode.swift; name = SelecionarMateriaViewController.swift; path = MC03/SelecionarMateriaViewController.swift; sourceTree = "<group>"; };
		177EC7461B0A601000FC36E2 /* TarefasViewController.swift */ = {isa = PBXFileReference; fileEncoding = 4; lastKnownFileType = sourcecode.swift; name = TarefasViewController.swift; path = MC03/TarefasViewController.swift; sourceTree = "<group>"; };
		177EC74F1B0A608E00FC36E2 /* AdicionarTarefaTableViewController.swift */ = {isa = PBXFileReference; fileEncoding = 4; lastKnownFileType = sourcecode.swift; name = AdicionarTarefaTableViewController.swift; path = MC03/AdicionarTarefaTableViewController.swift; sourceTree = "<group>"; };
		177EC7511B0A61A500FC36E2 /* FaltasViewController.swift */ = {isa = PBXFileReference; fileEncoding = 4; lastKnownFileType = sourcecode.swift; name = FaltasViewController.swift; path = MC03/FaltasViewController.swift; sourceTree = "<group>"; };
		177EC7531B0A627B00FC36E2 /* PrincipalCell.swift */ = {isa = PBXFileReference; fileEncoding = 4; lastKnownFileType = sourcecode.swift; path = PrincipalCell.swift; sourceTree = "<group>"; };
		177EC7551B0A62A100FC36E2 /* TarefasTableViewCell.swift */ = {isa = PBXFileReference; fileEncoding = 4; lastKnownFileType = sourcecode.swift; path = TarefasTableViewCell.swift; sourceTree = "<group>"; };
		177EC7571B0A62D400FC36E2 /* NotasTableViewCell.swift */ = {isa = PBXFileReference; fileEncoding = 4; lastKnownFileType = sourcecode.swift; path = NotasTableViewCell.swift; sourceTree = "<group>"; };
		177EC7591B0A630000FC36E2 /* SelecionarMateriaTableViewCell.swift */ = {isa = PBXFileReference; fileEncoding = 4; lastKnownFileType = sourcecode.swift; path = SelecionarMateriaTableViewCell.swift; sourceTree = "<group>"; };
		177EC75B1B0A638000FC36E2 /* DiasDaSemanaTableViewCell.swift */ = {isa = PBXFileReference; fileEncoding = 4; lastKnownFileType = sourcecode.swift; path = DiasDaSemanaTableViewCell.swift; sourceTree = "<group>"; };
		177EC75D1B0A643100FC36E2 /* FaltaTableViewCell.swift */ = {isa = PBXFileReference; fileEncoding = 4; lastKnownFileType = sourcecode.swift; path = FaltaTableViewCell.swift; sourceTree = "<group>"; };
		17B38ABB1B0D0A19008B192E /* CoreDataPersistencia.swift */ = {isa = PBXFileReference; fileEncoding = 4; lastKnownFileType = sourcecode.swift; path = CoreDataPersistencia.swift; sourceTree = "<group>"; };
		17B38ABD1B0D0D9B008B192E /* NotaManager.swift */ = {isa = PBXFileReference; fileEncoding = 4; lastKnownFileType = sourcecode.swift; path = NotaManager.swift; sourceTree = "<group>"; };
		17B38ABF1B0D0DA6008B192E /* TarefaManager.swift */ = {isa = PBXFileReference; fileEncoding = 4; lastKnownFileType = sourcecode.swift; path = TarefaManager.swift; sourceTree = "<group>"; };
		17BA54C31B0F97E700FE0A87 /* Tarefa.swift */ = {isa = PBXFileReference; fileEncoding = 4; lastKnownFileType = sourcecode.swift; path = Tarefa.swift; sourceTree = "<group>"; };
		17BA54C71B0F9CA600FE0A87 /* AdicionarNotaTableViewCell.swift */ = {isa = PBXFileReference; fileEncoding = 4; lastKnownFileType = sourcecode.swift; path = AdicionarNotaTableViewCell.swift; sourceTree = "<group>"; };
		17BA54CB1B0F9DB900FE0A87 /* AdicionarNotaViewController.swift */ = {isa = PBXFileReference; fileEncoding = 4; lastKnownFileType = sourcecode.swift; name = AdicionarNotaViewController.swift; path = MC03/AdicionarNotaViewController.swift; sourceTree = "<group>"; };
		B23C2AB81B0FBD6A00B8C13D /* VerTarefaTableViewController.swift */ = {isa = PBXFileReference; fileEncoding = 4; lastKnownFileType = sourcecode.swift; path = VerTarefaTableViewController.swift; sourceTree = "<group>"; };
		B23C2ABA1B138C8A00B8C13D /* SobreViewController.swift */ = {isa = PBXFileReference; fileEncoding = 4; lastKnownFileType = sourcecode.swift; path = SobreViewController.swift; sourceTree = "<group>"; };
		B2D483821B0BA2D90029DDFE /* MateriaManager.swift */ = {isa = PBXFileReference; fileEncoding = 4; lastKnownFileType = sourcecode.swift; path = MateriaManager.swift; sourceTree = "<group>"; };
/* End PBXFileReference section */

/* Begin PBXFrameworksBuildPhase section */
		10C577351B0507A500081B96 /* Frameworks */ = {
			isa = PBXFrameworksBuildPhase;
			buildActionMask = 2147483647;
			files = (
			);
			runOnlyForDeploymentPostprocessing = 0;
		};
		10C5774D1B0507A500081B96 /* Frameworks */ = {
			isa = PBXFrameworksBuildPhase;
			buildActionMask = 2147483647;
			files = (
			);
			runOnlyForDeploymentPostprocessing = 0;
		};
/* End PBXFrameworksBuildPhase section */

/* Begin PBXGroup section */
		10C5772F1B0507A500081B96 = {
			isa = PBXGroup;
			children = (
				10C5773A1B0507A500081B96 /* MC03 */,
				10C577531B0507A500081B96 /* MC03Tests */,
				10C577391B0507A500081B96 /* Products */,
			);
			sourceTree = "<group>";
		};
		10C577391B0507A500081B96 /* Products */ = {
			isa = PBXGroup;
			children = (
				10C577381B0507A500081B96 /* MC03.app */,
				10C577501B0507A500081B96 /* MC03Tests.xctest */,
			);
			name = Products;
			sourceTree = "<group>";
		};
		10C5773A1B0507A500081B96 /* MC03 */ = {
			isa = PBXGroup;
			children = (
				10C5773D1B0507A500081B96 /* AppDelegate.swift */,
				10C577441B0507A500081B96 /* Main.storyboard */,
				10C577491B0507A500081B96 /* LaunchScreen.xib */,
				10C5773F1B0507A500081B96 /* MC03.xcdatamodeld */,
				10C577471B0507A500081B96 /* Images.xcassets */,
				177131771B0A7608006D31D0 /* Modelos */,
				10C5773B1B0507A500081B96 /* Supporting Files */,
				177EC73E1B0A5F5000FC36E2 /* ViewControllers */,
				177EC75F1B0A643800FC36E2 /* Celulas */,
				178E99A11B0CF5CD00597FB5 /* Persistencia */,
			);
			path = MC03;
			sourceTree = "<group>";
		};
		10C5773B1B0507A500081B96 /* Supporting Files */ = {
			isa = PBXGroup;
			children = (
				10CDCA7E1B0531C4009AC45A /* DesignableView.swift */,
				10C5773C1B0507A500081B96 /* Info.plist */,
			);
			name = "Supporting Files";
			sourceTree = "<group>";
		};
		10C577531B0507A500081B96 /* MC03Tests */ = {
			isa = PBXGroup;
			children = (
				10C577561B0507A500081B96 /* MC03Tests.swift */,
				10C577541B0507A500081B96 /* Supporting Files */,
			);
			path = MC03Tests;
			sourceTree = "<group>";
		};
		10C577541B0507A500081B96 /* Supporting Files */ = {
			isa = PBXGroup;
			children = (
				10C577551B0507A500081B96 /* Info.plist */,
			);
			name = "Supporting Files";
			sourceTree = "<group>";
		};
		177131771B0A7608006D31D0 /* Modelos */ = {
			isa = PBXGroup;
			children = (
				177131731B0A75B0006D31D0 /* Nota.swift */,
				177131711B0A75B0006D31D0 /* Materia.swift */,
				17BA54C31B0F97E700FE0A87 /* Tarefa.swift */,
				1080525E1B0FA55A00C834F8 /* DiasSemana.swift */,
			);
			name = Modelos;
			sourceTree = "<group>";
		};
		177EC73E1B0A5F5000FC36E2 /* ViewControllers */ = {
			isa = PBXGroup;
			children = (
				177EC73F1B0A601000FC36E2 /* AdicionarMateriaTableViewController.swift */,
				17BA54CB1B0F9DB900FE0A87 /* AdicionarNotaViewController.swift */,
				177EC74F1B0A608E00FC36E2 /* AdicionarTarefaTableViewController.swift */,
				177EC7411B0A601000FC36E2 /* DiasDaSemanaViewController.swift */,
				177EC7511B0A61A500FC36E2 /* FaltasViewController.swift */,
				177EC7421B0A601000FC36E2 /* MateriasViewController.swift */,
				177EC7431B0A601000FC36E2 /* NotasViewController.swift */,
				177EC7441B0A601000FC36E2 /* PrincipalViewController.swift */,
				177EC7451B0A601000FC36E2 /* SelecionarMateriaViewController.swift */,
				B23C2ABA1B138C8A00B8C13D /* SobreViewController.swift */,
				177EC7461B0A601000FC36E2 /* TarefasViewController.swift */,
				B23C2AB81B0FBD6A00B8C13D /* VerTarefaTableViewController.swift */,
				176A35B01B0E50B100C0D952 /* VerMateriaTableTableViewController.swift */,
				174DDE001B13968D006EEA7A /* SelecionarMateriaNotaTBVCTableViewController.swift */,
			);
			name = ViewControllers;
			path = ..;
			sourceTree = "<group>";
		};
		177EC75F1B0A643800FC36E2 /* Celulas */ = {
			isa = PBXGroup;
			children = (
				17BA54C71B0F9CA600FE0A87 /* AdicionarNotaTableViewCell.swift */,
				177EC75B1B0A638000FC36E2 /* DiasDaSemanaTableViewCell.swift */,
				177EC75D1B0A643100FC36E2 /* FaltaTableViewCell.swift */,
				177131781B0A7706006D31D0 /* MateriaTableViewCell.swift */,
				177EC7571B0A62D400FC36E2 /* NotasTableViewCell.swift */,
				177EC7531B0A627B00FC36E2 /* PrincipalCell.swift */,
				177EC7591B0A630000FC36E2 /* SelecionarMateriaTableViewCell.swift */,
				177EC7551B0A62A100FC36E2 /* TarefasTableViewCell.swift */,
			);
			name = Celulas;
			sourceTree = "<group>";
		};
		178E99A11B0CF5CD00597FB5 /* Persistencia */ = {
			isa = PBXGroup;
			children = (
				17B38ABB1B0D0A19008B192E /* CoreDataPersistencia.swift */,
				B2D483821B0BA2D90029DDFE /* MateriaManager.swift */,
				17B38ABD1B0D0D9B008B192E /* NotaManager.swift */,
				17B38ABF1B0D0DA6008B192E /* TarefaManager.swift */,
				108052601B0FADE200C834F8 /* DiaSemanaManager.swift */,
			);
			name = Persistencia;
			sourceTree = "<group>";
		};
/* End PBXGroup section */

/* Begin PBXNativeTarget section */
		10C577371B0507A500081B96 /* MC03 */ = {
			isa = PBXNativeTarget;
			buildConfigurationList = 10C5775A1B0507A500081B96 /* Build configuration list for PBXNativeTarget "MC03" */;
			buildPhases = (
				10C577341B0507A500081B96 /* Sources */,
				10C577351B0507A500081B96 /* Frameworks */,
				10C577361B0507A500081B96 /* Resources */,
			);
			buildRules = (
			);
			dependencies = (
			);
			name = MC03;
			productName = MC03;
			productReference = 10C577381B0507A500081B96 /* MC03.app */;
			productType = "com.apple.product-type.application";
		};
		10C5774F1B0507A500081B96 /* MC03Tests */ = {
			isa = PBXNativeTarget;
			buildConfigurationList = 10C5775D1B0507A500081B96 /* Build configuration list for PBXNativeTarget "MC03Tests" */;
			buildPhases = (
				10C5774C1B0507A500081B96 /* Sources */,
				10C5774D1B0507A500081B96 /* Frameworks */,
				10C5774E1B0507A500081B96 /* Resources */,
			);
			buildRules = (
			);
			dependencies = (
				10C577521B0507A500081B96 /* PBXTargetDependency */,
			);
			name = MC03Tests;
			productName = MC03Tests;
			productReference = 10C577501B0507A500081B96 /* MC03Tests.xctest */;
			productType = "com.apple.product-type.bundle.unit-test";
		};
/* End PBXNativeTarget section */

/* Begin PBXProject section */
		10C577301B0507A500081B96 /* Project object */ = {
			isa = PBXProject;
			attributes = {
				LastUpgradeCheck = 0630;
				ORGANIZATIONNAME = "Amanda Guimaraes Campos";
				TargetAttributes = {
					10C577371B0507A500081B96 = {
						CreatedOnToolsVersion = 6.3.1;
					};
					10C5774F1B0507A500081B96 = {
						CreatedOnToolsVersion = 6.3.1;
						TestTargetID = 10C577371B0507A500081B96;
					};
				};
			};
			buildConfigurationList = 10C577331B0507A500081B96 /* Build configuration list for PBXProject "MC03" */;
			compatibilityVersion = "Xcode 3.2";
			developmentRegion = English;
			hasScannedForEncodings = 0;
			knownRegions = (
				en,
				Base,
			);
			mainGroup = 10C5772F1B0507A500081B96;
			productRefGroup = 10C577391B0507A500081B96 /* Products */;
			projectDirPath = "";
			projectRoot = "";
			targets = (
				10C577371B0507A500081B96 /* MC03 */,
				10C5774F1B0507A500081B96 /* MC03Tests */,
			);
		};
/* End PBXProject section */

/* Begin PBXResourcesBuildPhase section */
		10C577361B0507A500081B96 /* Resources */ = {
			isa = PBXResourcesBuildPhase;
			buildActionMask = 2147483647;
			files = (
				10C577461B0507A500081B96 /* Main.storyboard in Resources */,
				10C5774B1B0507A500081B96 /* LaunchScreen.xib in Resources */,
				10C577481B0507A500081B96 /* Images.xcassets in Resources */,
			);
			runOnlyForDeploymentPostprocessing = 0;
		};
		10C5774E1B0507A500081B96 /* Resources */ = {
			isa = PBXResourcesBuildPhase;
			buildActionMask = 2147483647;
			files = (
			);
			runOnlyForDeploymentPostprocessing = 0;
		};
/* End PBXResourcesBuildPhase section */

/* Begin PBXSourcesBuildPhase section */
		10C577341B0507A500081B96 /* Sources */ = {
			isa = PBXSourcesBuildPhase;
			buildActionMask = 2147483647;
			files = (
				177EC7541B0A627B00FC36E2 /* PrincipalCell.swift in Sources */,
				17BA54C41B0F97E700FE0A87 /* Tarefa.swift in Sources */,
				10CDCA7F1B0531C4009AC45A /* DesignableView.swift in Sources */,
				10C577411B0507A500081B96 /* MC03.xcdatamodeld in Sources */,
				177EC7501B0A608E00FC36E2 /* AdicionarTarefaTableViewController.swift in Sources */,
				17B38AC01B0D0DA6008B192E /* TarefaManager.swift in Sources */,
				177EC7561B0A62A100FC36E2 /* TarefasTableViewCell.swift in Sources */,
				177EC74B1B0A601000FC36E2 /* NotasViewController.swift in Sources */,
				177EC75E1B0A643100FC36E2 /* FaltaTableViewCell.swift in Sources */,
				177EC74D1B0A601000FC36E2 /* SelecionarMateriaViewController.swift in Sources */,
				177EC75C1B0A638000FC36E2 /* DiasDaSemanaTableViewCell.swift in Sources */,
				174DDE011B13968D006EEA7A /* SelecionarMateriaNotaTBVCTableViewController.swift in Sources */,
				108052611B0FADE200C834F8 /* DiaSemanaManager.swift in Sources */,
				176A35B11B0E50B100C0D952 /* VerMateriaTableTableViewController.swift in Sources */,
				177EC74A1B0A601000FC36E2 /* MateriasViewController.swift in Sources */,
				10C5773E1B0507A500081B96 /* AppDelegate.swift in Sources */,
				177EC7471B0A601000FC36E2 /* AdicionarMateriaTableViewController.swift in Sources */,
				177EC74E1B0A601000FC36E2 /* TarefasViewController.swift in Sources */,
				177131721B0A75B0006D31D0 /* Materia.swift in Sources */,
				B23C2ABB1B138C8A00B8C13D /* SobreViewController.swift in Sources */,
				177EC7491B0A601000FC36E2 /* DiasDaSemanaViewController.swift in Sources */,
				177131791B0A7706006D31D0 /* MateriaTableViewCell.swift in Sources */,
				B23C2AB91B0FBD6A00B8C13D /* VerTarefaTableViewController.swift in Sources */,
				177131741B0A75B0006D31D0 /* Nota.swift in Sources */,
				17BA54CC1B0F9DB900FE0A87 /* AdicionarNotaViewController.swift in Sources */,
				17B38ABC1B0D0A19008B192E /* CoreDataPersistencia.swift in Sources */,
				17B38ABE1B0D0D9B008B192E /* NotaManager.swift in Sources */,
				17BA54C81B0F9CA600FE0A87 /* AdicionarNotaTableViewCell.swift in Sources */,
				B2D483831B0BA2D90029DDFE /* MateriaManager.swift in Sources */,
				1080525F1B0FA55A00C834F8 /* DiasSemana.swift in Sources */,
				177EC7581B0A62D400FC36E2 /* NotasTableViewCell.swift in Sources */,
				177EC74C1B0A601000FC36E2 /* PrincipalViewController.swift in Sources */,
				177EC75A1B0A630000FC36E2 /* SelecionarMateriaTableViewCell.swift in Sources */,
				177EC7521B0A61A500FC36E2 /* FaltasViewController.swift in Sources */,
			);
			runOnlyForDeploymentPostprocessing = 0;
		};
		10C5774C1B0507A500081B96 /* Sources */ = {
			isa = PBXSourcesBuildPhase;
			buildActionMask = 2147483647;
			files = (
				10C577571B0507A500081B96 /* MC03Tests.swift in Sources */,
			);
			runOnlyForDeploymentPostprocessing = 0;
		};
/* End PBXSourcesBuildPhase section */

/* Begin PBXTargetDependency section */
		10C577521B0507A500081B96 /* PBXTargetDependency */ = {
			isa = PBXTargetDependency;
			target = 10C577371B0507A500081B96 /* MC03 */;
			targetProxy = 10C577511B0507A500081B96 /* PBXContainerItemProxy */;
		};
/* End PBXTargetDependency section */

/* Begin PBXVariantGroup section */
		10C577441B0507A500081B96 /* Main.storyboard */ = {
			isa = PBXVariantGroup;
			children = (
				10C577451B0507A500081B96 /* Base */,
			);
			name = Main.storyboard;
			sourceTree = "<group>";
		};
		10C577491B0507A500081B96 /* LaunchScreen.xib */ = {
			isa = PBXVariantGroup;
			children = (
				10C5774A1B0507A500081B96 /* Base */,
			);
			name = LaunchScreen.xib;
			sourceTree = "<group>";
		};
/* End PBXVariantGroup section */

/* Begin XCBuildConfiguration section */
		10C577581B0507A500081B96 /* Debug */ = {
			isa = XCBuildConfiguration;
			buildSettings = {
				ALWAYS_SEARCH_USER_PATHS = NO;
				CLANG_CXX_LANGUAGE_STANDARD = "gnu++0x";
				CLANG_CXX_LIBRARY = "libc++";
				CLANG_ENABLE_MODULES = YES;
				CLANG_ENABLE_OBJC_ARC = YES;
				CLANG_WARN_BOOL_CONVERSION = YES;
				CLANG_WARN_CONSTANT_CONVERSION = YES;
				CLANG_WARN_DIRECT_OBJC_ISA_USAGE = YES_ERROR;
				CLANG_WARN_EMPTY_BODY = YES;
				CLANG_WARN_ENUM_CONVERSION = YES;
				CLANG_WARN_INT_CONVERSION = YES;
				CLANG_WARN_OBJC_ROOT_CLASS = YES_ERROR;
				CLANG_WARN_UNREACHABLE_CODE = YES;
				CLANG_WARN__DUPLICATE_METHOD_MATCH = YES;
				"CODE_SIGN_IDENTITY[sdk=iphoneos*]" = "iPhone Developer";
				COPY_PHASE_STRIP = NO;
				DEBUG_INFORMATION_FORMAT = "dwarf-with-dsym";
				ENABLE_STRICT_OBJC_MSGSEND = YES;
				GCC_C_LANGUAGE_STANDARD = gnu99;
				GCC_DYNAMIC_NO_PIC = NO;
				GCC_NO_COMMON_BLOCKS = YES;
				GCC_OPTIMIZATION_LEVEL = 0;
				GCC_PREPROCESSOR_DEFINITIONS = (
					"DEBUG=1",
					"$(inherited)",
				);
				GCC_SYMBOLS_PRIVATE_EXTERN = NO;
				GCC_WARN_64_TO_32_BIT_CONVERSION = YES;
				GCC_WARN_ABOUT_RETURN_TYPE = YES_ERROR;
				GCC_WARN_UNDECLARED_SELECTOR = YES;
				GCC_WARN_UNINITIALIZED_AUTOS = YES_AGGRESSIVE;
				GCC_WARN_UNUSED_FUNCTION = YES;
				GCC_WARN_UNUSED_VARIABLE = YES;
				IPHONEOS_DEPLOYMENT_TARGET = 8.3;
				MTL_ENABLE_DEBUG_INFO = YES;
				ONLY_ACTIVE_ARCH = YES;
				SDKROOT = iphoneos;
				SWIFT_OPTIMIZATION_LEVEL = "-Onone";
				TARGETED_DEVICE_FAMILY = "1,2";
			};
			name = Debug;
		};
		10C577591B0507A500081B96 /* Release */ = {
			isa = XCBuildConfiguration;
			buildSettings = {
				ALWAYS_SEARCH_USER_PATHS = NO;
				CLANG_CXX_LANGUAGE_STANDARD = "gnu++0x";
				CLANG_CXX_LIBRARY = "libc++";
				CLANG_ENABLE_MODULES = YES;
				CLANG_ENABLE_OBJC_ARC = YES;
				CLANG_WARN_BOOL_CONVERSION = YES;
				CLANG_WARN_CONSTANT_CONVERSION = YES;
				CLANG_WARN_DIRECT_OBJC_ISA_USAGE = YES_ERROR;
				CLANG_WARN_EMPTY_BODY = YES;
				CLANG_WARN_ENUM_CONVERSION = YES;
				CLANG_WARN_INT_CONVERSION = YES;
				CLANG_WARN_OBJC_ROOT_CLASS = YES_ERROR;
				CLANG_WARN_UNREACHABLE_CODE = YES;
				CLANG_WARN__DUPLICATE_METHOD_MATCH = YES;
				"CODE_SIGN_IDENTITY[sdk=iphoneos*]" = "iPhone Developer";
				COPY_PHASE_STRIP = NO;
				DEBUG_INFORMATION_FORMAT = "dwarf-with-dsym";
				ENABLE_NS_ASSERTIONS = NO;
				ENABLE_STRICT_OBJC_MSGSEND = YES;
				GCC_C_LANGUAGE_STANDARD = gnu99;
				GCC_NO_COMMON_BLOCKS = YES;
				GCC_WARN_64_TO_32_BIT_CONVERSION = YES;
				GCC_WARN_ABOUT_RETURN_TYPE = YES_ERROR;
				GCC_WARN_UNDECLARED_SELECTOR = YES;
				GCC_WARN_UNINITIALIZED_AUTOS = YES_AGGRESSIVE;
				GCC_WARN_UNUSED_FUNCTION = YES;
				GCC_WARN_UNUSED_VARIABLE = YES;
				IPHONEOS_DEPLOYMENT_TARGET = 8.3;
				MTL_ENABLE_DEBUG_INFO = NO;
				SDKROOT = iphoneos;
				TARGETED_DEVICE_FAMILY = "1,2";
				VALIDATE_PRODUCT = YES;
			};
			name = Release;
		};
		10C5775B1B0507A500081B96 /* Debug */ = {
			isa = XCBuildConfiguration;
			buildSettings = {
				ASSETCATALOG_COMPILER_APPICON_NAME = AppIcon;
				CLANG_ENABLE_MODULES = YES;
				INFOPLIST_FILE = MC03/Info.plist;
				LD_RUNPATH_SEARCH_PATHS = "$(inherited) @executable_path/Frameworks";
				PRODUCT_NAME = "$(TARGET_NAME)";
				SWIFT_OPTIMIZATION_LEVEL = "-Onone";
			};
			name = Debug;
		};
		10C5775C1B0507A500081B96 /* Release */ = {
			isa = XCBuildConfiguration;
			buildSettings = {
				ASSETCATALOG_COMPILER_APPICON_NAME = AppIcon;
				CLANG_ENABLE_MODULES = YES;
				INFOPLIST_FILE = MC03/Info.plist;
				LD_RUNPATH_SEARCH_PATHS = "$(inherited) @executable_path/Frameworks";
				PRODUCT_NAME = "$(TARGET_NAME)";
			};
			name = Release;
		};
		10C5775E1B0507A500081B96 /* Debug */ = {
			isa = XCBuildConfiguration;
			buildSettings = {
				BUNDLE_LOADER = "$(TEST_HOST)";
				FRAMEWORK_SEARCH_PATHS = (
					"$(SDKROOT)/Developer/Library/Frameworks",
					"$(inherited)",
				);
				GCC_PREPROCESSOR_DEFINITIONS = (
					"DEBUG=1",
					"$(inherited)",
				);
				INFOPLIST_FILE = MC03Tests/Info.plist;
				LD_RUNPATH_SEARCH_PATHS = "$(inherited) @executable_path/Frameworks @loader_path/Frameworks";
				PRODUCT_NAME = "$(TARGET_NAME)";
				TEST_HOST = "$(BUILT_PRODUCTS_DIR)/MC03.app/MC03";
			};
			name = Debug;
		};
		10C5775F1B0507A500081B96 /* Release */ = {
			isa = XCBuildConfiguration;
			buildSettings = {
				BUNDLE_LOADER = "$(TEST_HOST)";
				FRAMEWORK_SEARCH_PATHS = (
					"$(SDKROOT)/Developer/Library/Frameworks",
					"$(inherited)",
				);
				INFOPLIST_FILE = MC03Tests/Info.plist;
				LD_RUNPATH_SEARCH_PATHS = "$(inherited) @executable_path/Frameworks @loader_path/Frameworks";
				PRODUCT_NAME = "$(TARGET_NAME)";
				TEST_HOST = "$(BUILT_PRODUCTS_DIR)/MC03.app/MC03";
			};
			name = Release;
		};
/* End XCBuildConfiguration section */

/* Begin XCConfigurationList section */
		10C577331B0507A500081B96 /* Build configuration list for PBXProject "MC03" */ = {
			isa = XCConfigurationList;
			buildConfigurations = (
				10C577581B0507A500081B96 /* Debug */,
				10C577591B0507A500081B96 /* Release */,
			);
			defaultConfigurationIsVisible = 0;
			defaultConfigurationName = Release;
		};
		10C5775A1B0507A500081B96 /* Build configuration list for PBXNativeTarget "MC03" */ = {
			isa = XCConfigurationList;
			buildConfigurations = (
				10C5775B1B0507A500081B96 /* Debug */,
				10C5775C1B0507A500081B96 /* Release */,
			);
			defaultConfigurationIsVisible = 0;
			defaultConfigurationName = Release;
		};
		10C5775D1B0507A500081B96 /* Build configuration list for PBXNativeTarget "MC03Tests" */ = {
			isa = XCConfigurationList;
			buildConfigurations = (
				10C5775E1B0507A500081B96 /* Debug */,
				10C5775F1B0507A500081B96 /* Release */,
			);
			defaultConfigurationIsVisible = 0;
			defaultConfigurationName = Release;
		};
/* End XCConfigurationList section */

/* Begin XCVersionGroup section */
		10C5773F1B0507A500081B96 /* MC03.xcdatamodeld */ = {
			isa = XCVersionGroup;
			children = (
				10C577401B0507A500081B96 /* MC03.xcdatamodel */,
			);
			currentVersion = 10C577401B0507A500081B96 /* MC03.xcdatamodel */;
			path = MC03.xcdatamodeld;
			sourceTree = "<group>";
			versionGroupType = wrapper.xcdatamodel;
		};
/* End XCVersionGroup section */
	};
	rootObject = 10C577301B0507A500081B96 /* Project object */;
}
